# This file was autogenerated by Stack.
# You should not edit this file by hand.
# For more information, please see the documentation at:
#   https://docs.haskellstack.org/en/stable/lock_files

packages:
- completed:
    hackage: liquid-fixpoint-0.8.10.2@sha256:1646c4cc5f81349356a0d37bd3c8f4db74ced9e1707a2e19915c8d2fa6ae9e43,7306
    pantry-tree:
      size: 14011
      sha256: 7efb1b4ca372a0bf356cdd01ad1c504e228194de7db5bbedfffe9d9e87917a1a
  original:
    hackage: liquid-fixpoint-0.8.10.2
- completed:
    hackage: liquidhaskell-0.8.10.2@sha256:fc79e92fc4de0aec47965e457915ef7a5be9fd1d3ec1d3a681a9909f5286bf8f,15777
    pantry-tree:
      size: 69560
      sha256: c8bb733484e14ae2ca10a4cb726701f52258e170b246d5f378cbc642bc1d0082
  original:
    hackage: liquidhaskell-0.8.10.2
- completed:
    hackage: liquid-base-4.14.1.0@sha256:5df5cf52b893238e243b48ee647389caa81fbb838c9de26691ded4a3f091c5a3,9066
    pantry-tree:
      size: 14924
      sha256: f5d02ebd3d54536d8fe1074fc727bcd64de2b1666936a70e57c534576d9ff4f2
  original:
    hackage: liquid-base-4.14.1.0
- completed:
    hackage: liquid-bytestring-0.10.10.0@sha256:e9756c106f533ae8366bb9cdb4d37e6d12aed3b605b7a7ddcbb09bbd8009c835,2348
    pantry-tree:
      size: 1770
      sha256: 7c775e31a3d86b84077d9676cc7afe3868e102c3ecfbdf3d23ec124533a10941
  original:
    hackage: liquid-bytestring-0.10.10.0
- completed:
    hackage: liquid-ghc-prim-0.6.1@sha256:83ef2d8fb705f31f269ce2b3e05af4333fb77c7083d3a56c25032dffd6dfd7b7,1766
    pantry-tree:
      size: 858
      sha256: b8b0bde3cc45e2e7f3517f24aa8a96e224bfb5cab08df4259cf2a597d9748104
  original:
    hackage: liquid-ghc-prim-0.6.1
- completed:
    hackage: Diff-0.3.4@sha256:5ab20a407f9e65d13b642c3cd414906a40280343a31b388f6ed69b9228fe42c1,1127
    pantry-tree:
      size: 416
      sha256: 48d1b942ff99293d69a8ca4ea60f372093e5aeea73f63d11829ceca01d63c7fd
  original:
    hackage: Diff-0.3.4
- completed:
    hackage: cryptohash-sha512-0.11.100.1@sha256:8279dab0daa2ffaeb0b1a9da02de780f1c19cb0a898241daa2d4d673f5c89b31,4415
    pantry-tree:
      size: 520
      sha256: c50fabfae28a4af485eead2a25df3c191138b0de7bdc9cf2565346800bb6132b
  original:
    hackage: cryptohash-sha512-0.11.100.1
snapshots:
- completed:
    size: 563103
    url: https://raw.githubusercontent.com/commercialhaskell/stackage-snapshots/master/lts/17/4.yaml
    sha256: f11e2153044f5f71ea7b1c9398f4721f517c9bd37642ed769647b896564021f3
  original: lts-17.4
